// !$*UTF8*$!
{
	archiveVersion = 1;
	classes = {
	};
	objectVersion = 46;
	objects = {

/* Begin PBXBuildFile section */
		DD1C327F1C18988A00D23130 /* AppDelegate.swift in Sources */ = {isa = PBXBuildFile; fileRef = DD1C327E1C18988A00D23130 /* AppDelegate.swift */; };
		DD1C32811C18988A00D23130 /* ViewController.swift in Sources */ = {isa = PBXBuildFile; fileRef = DD1C32801C18988A00D23130 /* ViewController.swift */; };
		DD1C32841C18988A00D23130 /* Main.storyboard in Resources */ = {isa = PBXBuildFile; fileRef = DD1C32821C18988A00D23130 /* Main.storyboard */; };
		DD1C32861C18988B00D23130 /* Assets.xcassets in Resources */ = {isa = PBXBuildFile; fileRef = DD1C32851C18988B00D23130 /* Assets.xcassets */; };
		DD1C32891C18988B00D23130 /* LaunchScreen.storyboard in Resources */ = {isa = PBXBuildFile; fileRef = DD1C32871C18988B00D23130 /* LaunchScreen.storyboard */; };
		DD1C32921C1899FF00D23130 /* Post.swift in Sources */ = {isa = PBXBuildFile; fileRef = DD1C32911C1899FF00D23130 /* Post.swift */; };
		DD1C32951C18B3B500D23130 /* PostCell.swift in Sources */ = {isa = PBXBuildFile; fileRef = DD1C32941C18B3B500D23130 /* PostCell.swift */; };
		DD1C32981C1A0CCD00D23130 /* AddPostVC.swift in Sources */ = {isa = PBXBuildFile; fileRef = DD1C32971C1A0CCD00D23130 /* AddPostVC.swift */; };
		DD1C329B1C1A15D700D23130 /* DataService.swift in Sources */ = {isa = PBXBuildFile; fileRef = DD1C329A1C1A15D700D23130 /* DataService.swift */; };
/* End PBXBuildFile section */

/* Begin PBXFileReference section */
		DD1C327B1C18988A00D23130 /* My-Hood.app */ = {isa = PBXFileReference; explicitFileType = wrapper.application; includeInIndex = 0; path = "My-Hood.app"; sourceTree = BUILT_PRODUCTS_DIR; };
		DD1C327E1C18988A00D23130 /* AppDelegate.swift */ = {isa = PBXFileReference; lastKnownFileType = sourcecode.swift; path = AppDelegate.swift; sourceTree = "<group>"; };
		DD1C32801C18988A00D23130 /* ViewController.swift */ = {isa = PBXFileReference; lastKnownFileType = sourcecode.swift; path = ViewController.swift; sourceTree = "<group>"; };
		DD1C32831C18988A00D23130 /* Base */ = {isa = PBXFileReference; lastKnownFileType = file.storyboard; name = Base; path = Base.lproj/Main.storyboard; sourceTree = "<group>"; };
		DD1C32851C18988B00D23130 /* Assets.xcassets */ = {isa = PBXFileReference; lastKnownFileType = folder.assetcatalog; path = Assets.xcassets; sourceTree = "<group>"; };
		DD1C32881C18988B00D23130 /* Base */ = {isa = PBXFileReference; lastKnownFileType = file.storyboard; name = Base; path = Base.lproj/LaunchScreen.storyboard; sourceTree = "<group>"; };
		DD1C328A1C18988B00D23130 /* Info.plist */ = {isa = PBXFileReference; lastKnownFileType = text.plist.xml; path = Info.plist; sourceTree = "<group>"; };
		DD1C32911C1899FF00D23130 /* Post.swift */ = {isa = PBXFileReference; fileEncoding = 4; lastKnownFileType = sourcecode.swift; path = Post.swift; sourceTree = "<group>"; };
		DD1C32941C18B3B500D23130 /* PostCell.swift */ = {isa = PBXFileReference; fileEncoding = 4; lastKnownFileType = sourcecode.swift; path = PostCell.swift; sourceTree = "<group>"; };
		DD1C32971C1A0CCD00D23130 /* AddPostVC.swift */ = {isa = PBXFileReference; fileEncoding = 4; lastKnownFileType = sourcecode.swift; path = AddPostVC.swift; sourceTree = "<group>"; };
		DD1C329A1C1A15D700D23130 /* DataService.swift */ = {isa = PBXFileReference; fileEncoding = 4; lastKnownFileType = sourcecode.swift; path = DataService.swift; sourceTree = "<group>"; };
/* End PBXFileReference section */

/* Begin PBXFrameworksBuildPhase section */
		DD1C32781C18988A00D23130 /* Frameworks */ = {
			isa = PBXFrameworksBuildPhase;
			buildActionMask = 2147483647;
			files = (
			);
			runOnlyForDeploymentPostprocessing = 0;
		};
/* End PBXFrameworksBuildPhase section */

/* Begin PBXGroup section */
		DD1C32721C18988A00D23130 = {
			isa = PBXGroup;
			children = (
				DD1C327D1C18988A00D23130 /* My-Hood */,
				DD1C327C1C18988A00D23130 /* Products */,
			);
			sourceTree = "<group>";
		};
		DD1C327C1C18988A00D23130 /* Products */ = {
			isa = PBXGroup;
			children = (
				DD1C327B1C18988A00D23130 /* My-Hood.app */,
			);
			name = Products;
			sourceTree = "<group>";
		};
		DD1C327D1C18988A00D23130 /* My-Hood */ = {
			isa = PBXGroup;
			children = (
				DD1C32991C1A15C300D23130 /* Services */,
				DD1C32901C1899E400D23130 /* Model */,
				DD1C32931C18AFC200D23130 /* View */,
				DD1C32961C1A0C8400D23130 /* Controller */,
				DD1C327E1C18988A00D23130 /* AppDelegate.swift */,
				DD1C32851C18988B00D23130 /* Assets.xcassets */,
				DD1C328A1C18988B00D23130 /* Info.plist */,
			);
			path = "My-Hood";
			sourceTree = "<group>";
		};
		DD1C32901C1899E400D23130 /* Model */ = {
			isa = PBXGroup;
			children = (
				DD1C32911C1899FF00D23130 /* Post.swift */,
			);
			name = Model;
			sourceTree = "<group>";
		};
		DD1C32931C18AFC200D23130 /* View */ = {
			isa = PBXGroup;
			children = (
				DD1C32941C18B3B500D23130 /* PostCell.swift */,
				DD1C32821C18988A00D23130 /* Main.storyboard */,
				DD1C32871C18988B00D23130 /* LaunchScreen.storyboard */,
			);
			name = View;
			sourceTree = "<group>";
		};
		DD1C32961C1A0C8400D23130 /* Controller */ = {
			isa = PBXGroup;
			children = (
				DD1C32801C18988A00D23130 /* ViewController.swift */,
				DD1C32971C1A0CCD00D23130 /* AddPostVC.swift */,
			);
			name = Controller;
			sourceTree = "<group>";
		};
		DD1C32991C1A15C300D23130 /* Services */ = {
			isa = PBXGroup;
			children = (
				DD1C329A1C1A15D700D23130 /* DataService.swift */,
			);
			name = Services;
			sourceTree = "<group>";
		};
/* End PBXGroup section */

/* Begin PBXNativeTarget section */
		DD1C327A1C18988A00D23130 /* My-Hood */ = {
			isa = PBXNativeTarget;
			buildConfigurationList = DD1C328D1C18988B00D23130 /* Build configuration list for PBXNativeTarget "My-Hood" */;
			buildPhases = (
				DD1C32771C18988A00D23130 /* Sources */,
				DD1C32781C18988A00D23130 /* Frameworks */,
				DD1C32791C18988A00D23130 /* Resources */,
			);
			buildRules = (
			);
			dependencies = (
			);
			name = "My-Hood";
			productName = "My-Hood";
			productReference = DD1C327B1C18988A00D23130 /* My-Hood.app */;
			productType = "com.apple.product-type.application";
		};
/* End PBXNativeTarget section */

/* Begin PBXProject section */
		DD1C32731C18988A00D23130 /* Project object */ = {
			isa = PBXProject;
			attributes = {
				LastSwiftUpdateCheck = 0710;
				LastUpgradeCheck = 0710;
				ORGANIZATIONNAME = "Atef H Ataya";
				TargetAttributes = {
					DD1C327A1C18988A00D23130 = {
						CreatedOnToolsVersion = 7.1.1;
					};
				};
			};
			buildConfigurationList = DD1C32761C18988A00D23130 /* Build configuration list for PBXProject "My-Hood" */;
			compatibilityVersion = "Xcode 3.2";
			developmentRegion = English;
			hasScannedForEncodings = 0;
			knownRegions = (
				en,
				Base,
			);
			mainGroup = DD1C32721C18988A00D23130;
			productRefGroup = DD1C327C1C18988A00D23130 /* Products */;
			projectDirPath = "";
			projectRoot = "";
			targets = (
				DD1C327A1C18988A00D23130 /* My-Hood */,
			);
		};
/* End PBXProject section */

/* Begin PBXResourcesBuildPhase section */
		DD1C32791C18988A00D23130 /* Resources */ = {
			isa = PBXResourcesBuildPhase;
			buildActionMask = 2147483647;
			files = (
				DD1C32891C18988B00D23130 /* LaunchScreen.storyboard in Resources */,
				DD1C32861C18988B00D23130 /* Assets.xcassets in Resources */,
				DD1C32841C18988A00D23130 /* Main.storyboard in Resources */,
			);
			runOnlyForDeploymentPostprocessing = 0;
		};
/* End PBXResourcesBuildPhase section */

/* Begin PBXSourcesBuildPhase section */
		DD1C32771C18988A00D23130 /* Sources */ = {
			isa = PBXSourcesBuildPhase;
			buildActionMask = 2147483647;
			files = (
				DD1C32921C1899FF00D23130 /* Post.swift in Sources */,
				DD1C32811C18988A00D23130 /* ViewController.swift in Sources */,
				DD1C32981C1A0CCD00D23130 /* AddPostVC.swift in Sources */,
				DD1C329B1C1A15D700D23130 /* DataService.swift in Sources */,
				DD1C327F1C18988A00D23130 /* AppDelegate.swift in Sources */,
				DD1C32951C18B3B500D23130 /* PostCell.swift in Sources */,
			);
			runOnlyForDeploymentPostprocessing = 0;
		};
/* End PBXSourcesBuildPhase section */

/* Begin PBXVariantGroup section */
		DD1C32821C18988A00D23130 /* Main.storyboard */ = {
			isa = PBXVariantGroup;
			children = (
				DD1C32831C18988A00D23130 /* Base */,
			);
			name = Main.storyboard;
			sourceTree = "<group>";
		};
		DD1C32871C18988B00D23130 /* LaunchScreen.storyboard */ = {
			isa = PBXVariantGroup;
			children = (
				DD1C32881C18988B00D23130 /* Base */,
			);
			name = LaunchScreen.storyboard;
			sourceTree = "<group>";
		};
/* End PBXVariantGroup section */

/* Begin XCBuildConfiguration section */
		DD1C328B1C18988B00D23130 /* Debug */ = {
			isa = XCBuildConfiguration;
			buildSettings = {
				ALWAYS_SEARCH_USER_PATHS = NO;
				CLANG_CXX_LANGUAGE_STANDARD = "gnu++0x";
				CLANG_CXX_LIBRARY = "libc++";
				CLANG_ENABLE_MODULES = YES;
				CLANG_ENABLE_OBJC_ARC = YES;
				CLANG_WARN_BOOL_CONVERSION = YES;
				CLANG_WARN_CONSTANT_CONVERSION = YES;
				CLANG_WARN_DIRECT_OBJC_ISA_USAGE = YES_ERROR;
				CLANG_WARN_EMPTY_BODY = YES;
				CLANG_WARN_ENUM_CONVERSION = YES;
				CLANG_WARN_INT_CONVERSION = YES;
				CLANG_WARN_OBJC_ROOT_CLASS = YES_ERROR;
				CLANG_WARN_UNREACHABLE_CODE = YES;
				CLANG_WARN__DUPLICATE_METHOD_MATCH = YES;
				"CODE_SIGN_IDENTITY[sdk=iphoneos*]" = "iPhone Developer";
				COPY_PHASE_STRIP = NO;
				DEBUG_INFORMATION_FORMAT = dwarf;
				ENABLE_STRICT_OBJC_MSGSEND = YES;
				ENABLE_TESTABILITY = YES;
				GCC_C_LANGUAGE_STANDARD = gnu99;
				GCC_DYNAMIC_NO_PIC = NO;
				GCC_NO_COMMON_BLOCKS = YES;
				GCC_OPTIMIZATION_LEVEL = 0;
				GCC_PREPROCESSOR_DEFINITIONS = (
					"DEBUG=1",
					"$(inherited)",
				);
				GCC_WARN_64_TO_32_BIT_CONVERSION = YES;
				GCC_WARN_ABOUT_RETURN_TYPE = YES_ERROR;
				GCC_WARN_UNDECLARED_SELECTOR = YES;
				GCC_WARN_UNINITIALIZED_AUTOS = YES_AGGRESSIVE;
				GCC_WARN_UNUSED_FUNCTION = YES;
				GCC_WARN_UNUSED_VARIABLE = YES;
				IPHONEOS_DEPLOYMENT_TARGET = 9.1;
				MTL_ENABLE_DEBUG_INFO = YES;
				ONLY_ACTIVE_ARCH = YES;
				SDKROOT = iphoneos;
				SWIFT_OPTIMIZATION_LEVEL = "-Onone";
				TARGETED_DEVICE_FAMILY = "1,2";
			};
			name = Debug;
		};
		DD1C328C1C18988B00D23130 /* Release */ = {
			isa = XCBuildConfiguration;
			buildSettings = {
				ALWAYS_SEARCH_USER_PATHS = NO;
				CLANG_CXX_LANGUAGE_STANDARD = "gnu++0x";
				CLANG_CXX_LIBRARY = "libc++";
				CLANG_ENABLE_MODULES = YES;
				CLANG_ENABLE_OBJC_ARC = YES;
				CLANG_WARN_BOOL_CONVERSION = YES;
				CLANG_WARN_CONSTANT_CONVERSION = YES;
				CLANG_WARN_DIRECT_OBJC_ISA_USAGE = YES_ERROR;
				CLANG_WARN_EMPTY_BODY = YES;
				CLANG_WARN_ENUM_CONVERSION = YES;
				CLANG_WARN_INT_CONVERSION = YES;
				CLANG_WARN_OBJC_ROOT_CLASS = YES_ERROR;
				CLANG_WARN_UNREACHABLE_CODE = YES;
				CLANG_WARN__DUPLICATE_METHOD_MATCH = YES;
				"CODE_SIGN_IDENTITY[sdk=iphoneos*]" = "iPhone Developer";
				COPY_PHASE_STRIP = NO;
				DEBUG_INFORMATION_FORMAT = "dwarf-with-dsym";
				ENABLE_NS_ASSERTIONS = NO;
				ENABLE_STRICT_OBJC_MSGSEND = YES;
				GCC_C_LANGUAGE_STANDARD = gnu99;
				GCC_NO_COMMON_BLOCKS = YES;
				GCC_WARN_64_TO_32_BIT_CONVERSION = YES;
				GCC_WARN_ABOUT_RETURN_TYPE = YES_ERROR;
				GCC_WARN_UNDECLARED_SELECTOR = YES;
				GCC_WARN_UNINITIALIZED_AUTOS = YES_AGGRESSIVE;
				GCC_WARN_UNUSED_FUNCTION = YES;
				GCC_WARN_UNUSED_VARIABLE = YES;
				IPHONEOS_DEPLOYMENT_TARGET = 9.1;
				MTL_ENABLE_DEBUG_INFO = NO;
				SDKROOT = iphoneos;
				TARGETED_DEVICE_FAMILY = "1,2";
				VALIDATE_PRODUCT = YES;
			};
			name = Release;
		};
		DD1C328E1C18988B00D23130 /* Debug */ = {
			isa = XCBuildConfiguration;
			buildSettings = {
				ASSETCATALOG_COMPILER_APPICON_NAME = AppIcon;
				INFOPLIST_FILE = "My-Hood/Info.plist";
				LD_RUNPATH_SEARCH_PATHS = "$(inherited) @executable_path/Frameworks";
				PRODUCT_BUNDLE_IDENTIFIER = "com.atef.ataya.My-Hood";
				PRODUCT_NAME = "$(TARGET_NAME)";
			};
			name = Debug;
		};
		DD1C328F1C18988B00D23130 /* Release */ = {
			isa = XCBuildConfiguration;
			buildSettings = {
				ASSETCATALOG_COMPILER_APPICON_NAME = AppIcon;
				INFOPLIST_FILE = "My-Hood/Info.plist";
				LD_RUNPATH_SEARCH_PATHS = "$(inherited) @executable_path/Frameworks";
				PRODUCT_BUNDLE_IDENTIFIER = "com.atef.ataya.My-Hood";
				PRODUCT_NAME = "$(TARGET_NAME)";
			};
			name = Release;
		};
/* End XCBuildConfiguration section */

/* Begin XCConfigurationList section */
		DD1C32761C18988A00D23130 /* Build configuration list for PBXProject "My-Hood" */ = {
			isa = XCConfigurationList;
			buildConfigurations = (
				DD1C328B1C18988B00D23130 /* Debug */,
				DD1C328C1C18988B00D23130 /* Release */,
			);
			defaultConfigurationIsVisible = 0;
			defaultConfigurationName = Release;
		};
		DD1C328D1C18988B00D23130 /* Build configuration list for PBXNativeTarget "My-Hood" */ = {
			isa = XCConfigurationList;
			buildConfigurations = (
				DD1C328E1C18988B00D23130 /* Debug */,
				DD1C328F1C18988B00D23130 /* Release */,
			);
			defaultConfigurationIsVisible = 0;
		};
/* End XCConfigurationList section */
	};
	rootObject = DD1C32731C18988A00D23130 /* Project object */;
}
